
Microsoft Visual Studio Solution File, Format Version 12.00
# Visual Studio Version 17
VisualStudioVersion = 17.9.34723.18
MinimumVisualStudioVersion = 10.0.40219.1
Project("{FAE04EC0-301F-11D3-BF4B-00C04F79EFBC}") = "TravelAgencyAPI", "TravelAgencyAPI\TravelAgencyAPI.csproj", "{55348F2A-72F3-41D0-BCAB-321C235BADCD}"
EndProject
Global
	GlobalSection(SolutionConfigurationPlatforms) = preSolution
		Debug|Any CPU = Debug|Any CPU
		Release|Any CPU = Release|Any CPU
	EndGlobalSection
	GlobalSection(ProjectConfigurationPlatforms) = postSolution
		{55348F2A-72F3-41D0-BCAB-321C235BADCD}.Debug|Any CPU.ActiveCfg = Debug|Any CPU
		{55348F2A-72F3-41D0-BCAB-321C235BADCD}.Debug|Any CPU.Build.0 = Debug|Any CPU
		{55348F2A-72F3-41D0-BCAB-321C235BADCD}.Release|Any CPU.ActiveCfg = Release|Any CPU
		{55348F2A-72F3-41D0-BCAB-321C235BADCD}.Release|Any CPU.Build.0 = Release|Any CPU
	EndGlobalSection
	GlobalSection(SolutionProperties) = preSolution
		HideSolutionNode = FALSE
	EndGlobalSection
	GlobalSection(ExtensibilityGlobals) = postSolution
		SolutionGuid = {2952F960-7DB1-4DF6-AAB4-768C30B63791}
	EndGlobalSection
EndGlobal
